
Microsoft Visual Studio Solution File, Format Version 12.00
# Visual Studio Version 16
VisualStudioVersion = 16.0.31624.102
MinimumVisualStudioVersion = 10.0.40219.1
Project("{FAE04EC0-301F-11D3-BF4B-00C04F79EFBC}") = "Task_2", "Task_2\Task_2.csproj", "{538CCE48-7E47-4B75-B90B-D85819064FB4}"
EndProject
Global
	GlobalSection(SolutionConfigurationPlatforms) = preSolution
		Debug|Any CPU = Debug|Any CPU
		Release|Any CPU = Release|Any CPU
	EndGlobalSection
	GlobalSection(ProjectConfigurationPlatforms) = postSolution
		{538CCE48-7E47-4B75-B90B-D85819064FB4}.Debug|Any CPU.ActiveCfg = Debug|Any CPU
		{538CCE48-7E47-4B75-B90B-D85819064FB4}.Debug|Any CPU.Build.0 = Debug|Any CPU
		{538CCE48-7E47-4B75-B90B-D85819064FB4}.Release|Any CPU.ActiveCfg = Release|Any CPU
		{538CCE48-7E47-4B75-B90B-D85819064FB4}.Release|Any CPU.Build.0 = Release|Any CPU
	EndGlobalSection
	GlobalSection(SolutionProperties) = preSolution
		HideSolutionNode = FALSE
	EndGlobalSection
	GlobalSection(ExtensibilityGlobals) = postSolution
		SolutionGuid = {4B1FAE4D-738F-46F7-9264-2284D5F694DB}
	EndGlobalSection
EndGlobal
